PODS:
  - Flutter (1.0.0)
  - GTMSessionFetcher/Core (3.5.0)

DEPENDENCIES:
  - Flutter (from `Flutter`)
  - GTMSessionFetcher/Core (~> 3.3)

SPEC REPOS:
  trunk:
    - GTMSessionFetcher

EXTERNAL SOURCES:
  Flutter:
    :path: Flutter

SPEC CHECKSUMS:
  Flutter: cabc95a1d2626b1b06e7179b784ebcf0c0cde467
  GTMSessionFetcher: 5aea5ba6bd522a239e236100971f10cb71b96ab6

PODFILE CHECKSUM: de6fb690e6a4e3737926c13fded6f55d41277dca

COCOAPODS: 1.17.0
